
Microsoft Visual Studio Solution File, Format Version 12.00
# Visual Studio 2017
Project("{FAE04EC0-301F-11D3-BF4B-00C04F79EFBC}") = "Zip", "Zip.csproj", "{A610DF89-C339-136B-1A8F-11DE9673644D}"
EndProject
Project("{FAE04EC0-301F-11D3-BF4B-00C04F79EFBC}") = "Zip.Editor", "Zip.Editor.csproj", "{CA1CB487-E9A0-683D-4A88-39C65E243D62}"
EndProject
Global
	GlobalSection(SolutionConfigurationPlatforms) = preSolution
		Debug|Any CPU = Debug|Any CPU
		Release|Any CPU = Release|Any CPU
	EndGlobalSection
	GlobalSection(ProjectConfigurationPlatforms) = postSolution
		{A610DF89-C339-136B-1A8F-11DE9673644D}.Debug|Any CPU.ActiveCfg = Debug|Any CPU
		{A610DF89-C339-136B-1A8F-11DE9673644D}.Debug|Any CPU.Build.0 = Debug|Any CPU
		{A610DF89-C339-136B-1A8F-11DE9673644D}.Release|Any CPU.ActiveCfg = Release|Any CPU
		{A610DF89-C339-136B-1A8F-11DE9673644D}.Release|Any CPU.Build.0 = Release|Any CPU
		{CA1CB487-E9A0-683D-4A88-39C65E243D62}.Debug|Any CPU.ActiveCfg = Debug|Any CPU
		{CA1CB487-E9A0-683D-4A88-39C65E243D62}.Debug|Any CPU.Build.0 = Debug|Any CPU
		{CA1CB487-E9A0-683D-4A88-39C65E243D62}.Release|Any CPU.ActiveCfg = Release|Any CPU
		{CA1CB487-E9A0-683D-4A88-39C65E243D62}.Release|Any CPU.Build.0 = Release|Any CPU
	EndGlobalSection
	GlobalSection(SolutionProperties) = preSolution
		HideSolutionNode = FALSE
	EndGlobalSection
EndGlobal
